
Microsoft Visual Studio Solution File, Format Version 12.00
# Visual Studio Version 17
VisualStudioVersion = 17.0.31903.59
MinimumVisualStudioVersion = 10.0.40219.1
Project("{2150E333-8FDC-42A3-9474-1A3956D46DE8}") = "src", "src", "{827E0CD3-B72D-47B6-A68D-7590B98EB39B}"
EndProject
Project("{FAE04EC0-301F-11D3-BF4B-00C04F79EFBC}") = "DraftGapBackend.Api", "src\DraftGapBackend.Api\DraftGapBackend.Api.csproj", "{BB5EF8FC-FF5C-424E-8CE9-8C840B276219}"
EndProject
Project("{2150E333-8FDC-42A3-9474-1A3956D46DE8}") = "tests", "tests", "{0AB3BF05-4346-4AA6-1389-037BE0695223}"
EndProject
Project("{FAE04EC0-301F-11D3-BF4B-00C04F79EFBC}") = "DraftGapBackend.Tests", "tests\DraftGapBackend.Tests\DraftGapBackend.Tests.csproj", "{4E8D13B3-51C9-48DF-837C-F93BFA68977E}"
EndProject
Project("{FAE04EC0-301F-11D3-BF4B-00C04F79EFBC}") = "DraftGapBackend.Domain", "src\DraftGapBackend.Domain\DraftGapBackend.Domain.csproj", "{967B440E-37A8-4AC7-B59E-7CA0FA6BEFA3}"
EndProject
Project("{FAE04EC0-301F-11D3-BF4B-00C04F79EFBC}") = "DraftGapBackend.Application", "src\DraftGapBackend.Application\DraftGapBackend.Application.csproj", "{5C877B43-114F-4213-B550-880F2ED9D14D}"
EndProject
Project("{FAE04EC0-301F-11D3-BF4B-00C04F79EFBC}") = "DraftGapBackend.Infrastructure", "src\DraftGapBackend.Infrastructure\DraftGapBackend.Infrastructure.csproj", "{3B358AD2-FBAC-47CE-8DB5-18B9471C8034}"
EndProject
Global
	GlobalSection(SolutionConfigurationPlatforms) = preSolution
		Debug|Any CPU = Debug|Any CPU
		Debug|x64 = Debug|x64
		Debug|x86 = Debug|x86
		Release|Any CPU = Release|Any CPU
		Release|x64 = Release|x64
		Release|x86 = Release|x86
	EndGlobalSection
	GlobalSection(ProjectConfigurationPlatforms) = postSolution
		{BB5EF8FC-FF5C-424E-8CE9-8C840B276219}.Debug|Any CPU.ActiveCfg = Debug|Any CPU
		{BB5EF8FC-FF5C-424E-8CE9-8C840B276219}.Debug|Any CPU.Build.0 = Debug|Any CPU
		{BB5EF8FC-FF5C-424E-8CE9-8C840B276219}.Debug|x64.ActiveCfg = Debug|Any CPU
		{BB5EF8FC-FF5C-424E-8CE9-8C840B276219}.Debug|x64.Build.0 = Debug|Any CPU
		{BB5EF8FC-FF5C-424E-8CE9-8C840B276219}.Debug|x86.ActiveCfg = Debug|Any CPU
		{BB5EF8FC-FF5C-424E-8CE9-8C840B276219}.Debug|x86.Build.0 = Debug|Any CPU
		{BB5EF8FC-FF5C-424E-8CE9-8C840B276219}.Release|Any CPU.ActiveCfg = Release|Any CPU
		{BB5EF8FC-FF5C-424E-8CE9-8C840B276219}.Release|Any CPU.Build.0 = Release|Any CPU
		{BB5EF8FC-FF5C-424E-8CE9-8C840B276219}.Release|x64.ActiveCfg = Release|Any CPU
		{BB5EF8FC-FF5C-424E-8CE9-8C840B276219}.Release|x64.Build.0 = Release|Any CPU
		{BB5EF8FC-FF5C-424E-8CE9-8C840B276219}.Release|x86.ActiveCfg = Release|Any CPU
		{BB5EF8FC-FF5C-424E-8CE9-8C840B276219}.Release|x86.Build.0 = Release|Any CPU
		{4E8D13B3-51C9-48DF-837C-F93BFA68977E}.Debug|Any CPU.ActiveCfg = Debug|Any CPU
		{4E8D13B3-51C9-48DF-837C-F93BFA68977E}.Debug|Any CPU.Build.0 = Debug|Any CPU
		{4E8D13B3-51C9-48DF-837C-F93BFA68977E}.Debug|x64.ActiveCfg = Debug|Any CPU
		{4E8D13B3-51C9-48DF-837C-F93BFA68977E}.Debug|x64.Build.0 = Debug|Any CPU
		{4E8D13B3-51C9-48DF-837C-F93BFA68977E}.Debug|x86.ActiveCfg = Debug|Any CPU
		{4E8D13B3-51C9-48DF-837C-F93BFA68977E}.Debug|x86.Build.0 = Debug|Any CPU
		{4E8D13B3-51C9-48DF-837C-F93BFA68977E}.Release|Any CPU.ActiveCfg = Release|Any CPU
		{4E8D13B3-51C9-48DF-837C-F93BFA68977E}.Release|Any CPU.Build.0 = Release|Any CPU
		{4E8D13B3-51C9-48DF-837C-F93BFA68977E}.Release|x64.ActiveCfg = Release|Any CPU
		{4E8D13B3-51C9-48DF-837C-F93BFA68977E}.Release|x64.Build.0 = Release|Any CPU
		{4E8D13B3-51C9-48DF-837C-F93BFA68977E}.Release|x86.ActiveCfg = Release|Any CPU
		{4E8D13B3-51C9-48DF-837C-F93BFA68977E}.Release|x86.Build.0 = Release|Any CPU
		{967B440E-37A8-4AC7-B59E-7CA0FA6BEFA3}.Debug|Any CPU.ActiveCfg = Debug|Any CPU
		{967B440E-37A8-4AC7-B59E-7CA0FA6BEFA3}.Debug|Any CPU.Build.0 = Debug|Any CPU
		{967B440E-37A8-4AC7-B59E-7CA0FA6BEFA3}.Debug|x64.ActiveCfg = Debug|Any CPU
		{967B440E-37A8-4AC7-B59E-7CA0FA6BEFA3}.Debug|x64.Build.0 = Debug|Any CPU
		{967B440E-37A8-4AC7-B59E-7CA0FA6BEFA3}.Debug|x86.ActiveCfg = Debug|Any CPU
		{967B440E-37A8-4AC7-B59E-7CA0FA6BEFA3}.Debug|x86.Build.0 = Debug|Any CPU
		{967B440E-37A8-4AC7-B59E-7CA0FA6BEFA3}.Release|Any CPU.ActiveCfg = Release|Any CPU
		{967B440E-37A8-4AC7-B59E-7CA0FA6BEFA3}.Release|Any CPU.Build.0 = Release|Any CPU
		{967B440E-37A8-4AC7-B59E-7CA0FA6BEFA3}.Release|x64.ActiveCfg = Release|Any CPU
		{967B440E-37A8-4AC7-B59E-7CA0FA6BEFA3}.Release|x64.Build.0 = Release|Any CPU
		{967B440E-37A8-4AC7-B59E-7CA0FA6BEFA3}.Release|x86.ActiveCfg = Release|Any CPU
		{967B440E-37A8-4AC7-B59E-7CA0FA6BEFA3}.Release|x86.Build.0 = Release|Any CPU
		{5C877B43-114F-4213-B550-880F2ED9D14D}.Debug|Any CPU.ActiveCfg = Debug|Any CPU
		{5C877B43-114F-4213-B550-880F2ED9D14D}.Debug|Any CPU.Build.0 = Debug|Any CPU
		{5C877B43-114F-4213-B550-880F2ED9D14D}.Debug|x64.ActiveCfg = Debug|Any CPU
		{5C877B43-114F-4213-B550-880F2ED9D14D}.Debug|x64.Build.0 = Debug|Any CPU
		{5C877B43-114F-4213-B550-880F2ED9D14D}.Debug|x86.ActiveCfg = Debug|Any CPU
		{5C877B43-114F-4213-B550-880F2ED9D14D}.Debug|x86.Build.0 = Debug|Any CPU
		{5C877B43-114F-4213-B550-880F2ED9D14D}.Release|Any CPU.ActiveCfg = Release|Any CPU
		{5C877B43-114F-4213-B550-880F2ED9D14D}.Release|Any CPU.Build.0 = Release|Any CPU
		{5C877B43-114F-4213-B550-880F2ED9D14D}.Release|x64.ActiveCfg = Release|Any CPU
		{5C877B43-114F-4213-B550-880F2ED9D14D}.Release|x64.Build.0 = Release|Any CPU
		{5C877B43-114F-4213-B550-880F2ED9D14D}.Release|x86.ActiveCfg = Release|Any CPU
		{5C877B43-114F-4213-B550-880F2ED9D14D}.Release|x86.Build.0 = Release|Any CPU
		{3B358AD2-FBAC-47CE-8DB5-18B9471C8034}.Debug|Any CPU.ActiveCfg = Debug|Any CPU
		{3B358AD2-FBAC-47CE-8DB5-18B9471C8034}.Debug|Any CPU.Build.0 = Debug|Any CPU
		{3B358AD2-FBAC-47CE-8DB5-18B9471C8034}.Debug|x64.ActiveCfg = Debug|Any CPU
		{3B358AD2-FBAC-47CE-8DB5-18B9471C8034}.Debug|x64.Build.0 = Debug|Any CPU
		{3B358AD2-FBAC-47CE-8DB5-18B9471C8034}.Debug|x86.ActiveCfg = Debug|Any CPU
		{3B358AD2-FBAC-47CE-8DB5-18B9471C8034}.Debug|x86.Build.0 = Debug|Any CPU
		{3B358AD2-FBAC-47CE-8DB5-18B9471C8034}.Release|Any CPU.ActiveCfg = Release|Any CPU
		{3B358AD2-FBAC-47CE-8DB5-18B9471C8034}.Release|Any CPU.Build.0 = Release|Any CPU
		{3B358AD2-FBAC-47CE-8DB5-18B9471C8034}.Release|x64.ActiveCfg = Release|Any CPU
		{3B358AD2-FBAC-47CE-8DB5-18B9471C8034}.Release|x64.Build.0 = Release|Any CPU
		{3B358AD2-FBAC-47CE-8DB5-18B9471C8034}.Release|x86.ActiveCfg = Release|Any CPU
		{3B358AD2-FBAC-47CE-8DB5-18B9471C8034}.Release|x86.Build.0 = Release|Any CPU
	EndGlobalSection
	GlobalSection(SolutionProperties) = preSolution
		HideSolutionNode = FALSE
	EndGlobalSection
	GlobalSection(NestedProjects) = preSolution
		{BB5EF8FC-FF5C-424E-8CE9-8C840B276219} = {827E0CD3-B72D-47B6-A68D-7590B98EB39B}
		{4E8D13B3-51C9-48DF-837C-F93BFA68977E} = {0AB3BF05-4346-4AA6-1389-037BE0695223}
		{967B440E-37A8-4AC7-B59E-7CA0FA6BEFA3} = {827E0CD3-B72D-47B6-A68D-7590B98EB39B}
		{5C877B43-114F-4213-B550-880F2ED9D14D} = {827E0CD3-B72D-47B6-A68D-7590B98EB39B}
		{3B358AD2-FBAC-47CE-8DB5-18B9471C8034} = {827E0CD3-B72D-47B6-A68D-7590B98EB39B}
	EndGlobalSection
EndGlobal
